// !$*UTF8*$!
{
	archiveVersion = 1;
	classes = {
	};
	objectVersion = 46;
	objects = {

/* Begin PBXBuildFile section */
		F92515CB1B16BD9400A44C9A /* main.m in Sources */ = {isa = PBXBuildFile; fileRef = F92515CA1B16BD9400A44C9A /* main.m */; };
		F92515CE1B16BD9400A44C9A /* AppDelegate.m in Sources */ = {isa = PBXBuildFile; fileRef = F92515CD1B16BD9400A44C9A /* AppDelegate.m */; };
		F92515D11B16BD9400A44C9A /* ViewController.m in Sources */ = {isa = PBXBuildFile; fileRef = F92515D01B16BD9400A44C9A /* ViewController.m */; };
		F92515D41B16BD9400A44C9A /* Main.storyboard in Resources */ = {isa = PBXBuildFile; fileRef = F92515D21B16BD9400A44C9A /* Main.storyboard */; };
		F92515D61B16BD9400A44C9A /* Images.xcassets in Resources */ = {isa = PBXBuildFile; fileRef = F92515D51B16BD9400A44C9A /* Images.xcassets */; };
		F92515D91B16BD9400A44C9A /* LaunchScreen.xib in Resources */ = {isa = PBXBuildFile; fileRef = F92515D71B16BD9400A44C9A /* LaunchScreen.xib */; };
		F92515E51B16BD9400A44C9A /* ____Tests.m in Sources */ = {isa = PBXBuildFile; fileRef = F92515E41B16BD9400A44C9A /* ____Tests.m */; };
/* End PBXBuildFile section */

/* Begin PBXContainerItemProxy section */
		F92515DF1B16BD9400A44C9A /* PBXContainerItemProxy */ = {
			isa = PBXContainerItemProxy;
			containerPortal = F92515BD1B16BD9400A44C9A /* Project object */;
			proxyType = 1;
			remoteGlobalIDString = F92515C41B16BD9400A44C9A;
			remoteInfo = "无缝循环";
		};
/* End PBXContainerItemProxy section */

/* Begin PBXFileReference section */
		F92515C51B16BD9400A44C9A /* 无缝循环.app */ = {isa = PBXFileReference; explicitFileType = wrapper.application; includeInIndex = 0; path = "无缝循环.app"; sourceTree = BUILT_PRODUCTS_DIR; };
		F92515C91B16BD9400A44C9A /* Info.plist */ = {isa = PBXFileReference; lastKnownFileType = text.plist.xml; path = Info.plist; sourceTree = "<group>"; };
		F92515CA1B16BD9400A44C9A /* main.m */ = {isa = PBXFileReference; lastKnownFileType = sourcecode.c.objc; path = main.m; sourceTree = "<group>"; };
		F92515CC1B16BD9400A44C9A /* AppDelegate.h */ = {isa = PBXFileReference; lastKnownFileType = sourcecode.c.h; path = AppDelegate.h; sourceTree = "<group>"; };
		F92515CD1B16BD9400A44C9A /* AppDelegate.m */ = {isa = PBXFileReference; lastKnownFileType = sourcecode.c.objc; path = AppDelegate.m; sourceTree = "<group>"; };
		F92515CF1B16BD9400A44C9A /* ViewController.h */ = {isa = PBXFileReference; lastKnownFileType = sourcecode.c.h; path = ViewController.h; sourceTree = "<group>"; };
		F92515D01B16BD9400A44C9A /* ViewController.m */ = {isa = PBXFileReference; lastKnownFileType = sourcecode.c.objc; path = ViewController.m; sourceTree = "<group>"; };
		F92515D31B16BD9400A44C9A /* Base */ = {isa = PBXFileReference; lastKnownFileType = file.storyboard; name = Base; path = Base.lproj/Main.storyboard; sourceTree = "<group>"; };
		F92515D51B16BD9400A44C9A /* Images.xcassets */ = {isa = PBXFileReference; lastKnownFileType = folder.assetcatalog; path = Images.xcassets; sourceTree = "<group>"; };
		F92515D81B16BD9400A44C9A /* Base */ = {isa = PBXFileReference; lastKnownFileType = file.xib; name = Base; path = Base.lproj/LaunchScreen.xib; sourceTree = "<group>"; };
		F92515DE1B16BD9400A44C9A /* 无缝循环Tests.xctest */ = {isa = PBXFileReference; explicitFileType = wrapper.cfbundle; includeInIndex = 0; path = "无缝循环Tests.xctest"; sourceTree = BUILT_PRODUCTS_DIR; };
		F92515E31B16BD9400A44C9A /* Info.plist */ = {isa = PBXFileReference; lastKnownFileType = text.plist.xml; path = Info.plist; sourceTree = "<group>"; };
		F92515E41B16BD9400A44C9A /* ____Tests.m */ = {isa = PBXFileReference; lastKnownFileType = sourcecode.c.objc; path = "____Tests.m"; sourceTree = "<group>"; };
/* End PBXFileReference section */

/* Begin PBXFrameworksBuildPhase section */
		F92515C21B16BD9400A44C9A /* Frameworks */ = {
			isa = PBXFrameworksBuildPhase;
			buildActionMask = 2147483647;
			files = (
			);
			runOnlyForDeploymentPostprocessing = 0;
		};
		F92515DB1B16BD9400A44C9A /* Frameworks */ = {
			isa = PBXFrameworksBuildPhase;
			buildActionMask = 2147483647;
			files = (
			);
			runOnlyForDeploymentPostprocessing = 0;
		};
/* End PBXFrameworksBuildPhase section */

/* Begin PBXGroup section */
		F92515BC1B16BD9400A44C9A = {
			isa = PBXGroup;
			children = (
				F92515C71B16BD9400A44C9A /* 无缝循环 */,
				F92515E11B16BD9400A44C9A /* 无缝循环Tests */,
				F92515C61B16BD9400A44C9A /* Products */,
			);
			sourceTree = "<group>";
		};
		F92515C61B16BD9400A44C9A /* Products */ = {
			isa = PBXGroup;
			children = (
				F92515C51B16BD9400A44C9A /* 无缝循环.app */,
				F92515DE1B16BD9400A44C9A /* 无缝循环Tests.xctest */,
			);
			name = Products;
			sourceTree = "<group>";
		};
		F92515C71B16BD9400A44C9A /* 无缝循环 */ = {
			isa = PBXGroup;
			children = (
				F92515CC1B16BD9400A44C9A /* AppDelegate.h */,
				F92515CD1B16BD9400A44C9A /* AppDelegate.m */,
				F92515CF1B16BD9400A44C9A /* ViewController.h */,
				F92515D01B16BD9400A44C9A /* ViewController.m */,
				F92515D21B16BD9400A44C9A /* Main.storyboard */,
				F92515D51B16BD9400A44C9A /* Images.xcassets */,
				F92515D71B16BD9400A44C9A /* LaunchScreen.xib */,
				F92515C81B16BD9400A44C9A /* Supporting Files */,
			);
			path = "无缝循环";
			sourceTree = "<group>";
		};
		F92515C81B16BD9400A44C9A /* Supporting Files */ = {
			isa = PBXGroup;
			children = (
				F92515C91B16BD9400A44C9A /* Info.plist */,
				F92515CA1B16BD9400A44C9A /* main.m */,
			);
			name = "Supporting Files";
			sourceTree = "<group>";
		};
		F92515E11B16BD9400A44C9A /* 无缝循环Tests */ = {
			isa = PBXGroup;
			children = (
				F92515E41B16BD9400A44C9A /* ____Tests.m */,
				F92515E21B16BD9400A44C9A /* Supporting Files */,
			);
			path = "无缝循环Tests";
			sourceTree = "<group>";
		};
		F92515E21B16BD9400A44C9A /* Supporting Files */ = {
			isa = PBXGroup;
			children = (
				F92515E31B16BD9400A44C9A /* Info.plist */,
			);
			name = "Supporting Files";
			sourceTree = "<group>";
		};
/* End PBXGroup section */

/* Begin PBXNativeTarget section */
		F92515C41B16BD9400A44C9A /* 无缝循环 */ = {
			isa = PBXNativeTarget;
			buildConfigurationList = F92515E81B16BD9400A44C9A /* Build configuration list for PBXNativeTarget "无缝循环" */;
			buildPhases = (
				F92515C11B16BD9400A44C9A /* Sources */,
				F92515C21B16BD9400A44C9A /* Frameworks */,
				F92515C31B16BD9400A44C9A /* Resources */,
			);
			buildRules = (
			);
			dependencies = (
			);
			name = "无缝循环";
			productName = "无缝循环";
			productReference = F92515C51B16BD9400A44C9A /* 无缝循环.app */;
			productType = "com.apple.product-type.application";
		};
		F92515DD1B16BD9400A44C9A /* 无缝循环Tests */ = {
			isa = PBXNativeTarget;
			buildConfigurationList = F92515EB1B16BD9400A44C9A /* Build configuration list for PBXNativeTarget "无缝循环Tests" */;
			buildPhases = (
				F92515DA1B16BD9400A44C9A /* Sources */,
				F92515DB1B16BD9400A44C9A /* Frameworks */,
				F92515DC1B16BD9400A44C9A /* Resources */,
			);
			buildRules = (
			);
			dependencies = (
				F92515E01B16BD9400A44C9A /* PBXTargetDependency */,
			);
			name = "无缝循环Tests";
			productName = "无缝循环Tests";
			productReference = F92515DE1B16BD9400A44C9A /* 无缝循环Tests.xctest */;
			productType = "com.apple.product-type.bundle.unit-test";
		};
/* End PBXNativeTarget section */

/* Begin PBXProject section */
		F92515BD1B16BD9400A44C9A /* Project object */ = {
			isa = PBXProject;
			attributes = {
				LastUpgradeCheck = 0630;
				ORGANIZATIONNAME = Imanol;
				TargetAttributes = {
					F92515C41B16BD9400A44C9A = {
						CreatedOnToolsVersion = 6.3.2;
					};
					F92515DD1B16BD9400A44C9A = {
						CreatedOnToolsVersion = 6.3.2;
						TestTargetID = F92515C41B16BD9400A44C9A;
					};
				};
			};
			buildConfigurationList = F92515C01B16BD9400A44C9A /* Build configuration list for PBXProject "无缝循环" */;
			compatibilityVersion = "Xcode 3.2";
			developmentRegion = English;
			hasScannedForEncodings = 0;
			knownRegions = (
				en,
				Base,
			);
			mainGroup = F92515BC1B16BD9400A44C9A;
			productRefGroup = F92515C61B16BD9400A44C9A /* Products */;
			projectDirPath = "";
			projectRoot = "";
			targets = (
				F92515C41B16BD9400A44C9A /* 无缝循环 */,
				F92515DD1B16BD9400A44C9A /* 无缝循环Tests */,
			);
		};
/* End PBXProject section */

/* Begin PBXResourcesBuildPhase section */
		F92515C31B16BD9400A44C9A /* Resources */ = {
			isa = PBXResourcesBuildPhase;
			buildActionMask = 2147483647;
			files = (
				F92515D41B16BD9400A44C9A /* Main.storyboard in Resources */,
				F92515D91B16BD9400A44C9A /* LaunchScreen.xib in Resources */,
				F92515D61B16BD9400A44C9A /* Images.xcassets in Resources */,
			);
			runOnlyForDeploymentPostprocessing = 0;
		};
		F92515DC1B16BD9400A44C9A /* Resources */ = {
			isa = PBXResourcesBuildPhase;
			buildActionMask = 2147483647;
			files = (
			);
			runOnlyForDeploymentPostprocessing = 0;
		};
/* End PBXResourcesBuildPhase section */

/* Begin PBXSourcesBuildPhase section */
		F92515C11B16BD9400A44C9A /* Sources */ = {
			isa = PBXSourcesBuildPhase;
			buildActionMask = 2147483647;
			files = (
				F92515D11B16BD9400A44C9A /* ViewController.m in Sources */,
				F92515CE1B16BD9400A44C9A /* AppDelegate.m in Sources */,
				F92515CB1B16BD9400A44C9A /* main.m in Sources */,
			);
			runOnlyForDeploymentPostprocessing = 0;
		};
		F92515DA1B16BD9400A44C9A /* Sources */ = {
			isa = PBXSourcesBuildPhase;
			buildActionMask = 2147483647;
			files = (
				F92515E51B16BD9400A44C9A /* ____Tests.m in Sources */,
			);
			runOnlyForDeploymentPostprocessing = 0;
		};
/* End PBXSourcesBuildPhase section */

/* Begin PBXTargetDependency section */
		F92515E01B16BD9400A44C9A /* PBXTargetDependency */ = {
			isa = PBXTargetDependency;
			target = F92515C41B16BD9400A44C9A /* 无缝循环 */;
			targetProxy = F92515DF1B16BD9400A44C9A /* PBXContainerItemProxy */;
		};
/* End PBXTargetDependency section */

/* Begin PBXVariantGroup section */
		F92515D21B16BD9400A44C9A /* Main.storyboard */ = {
			isa = PBXVariantGroup;
			children = (
				F92515D31B16BD9400A44C9A /* Base */,
			);
			name = Main.storyboard;
			sourceTree = "<group>";
		};
		F92515D71B16BD9400A44C9A /* LaunchScreen.xib */ = {
			isa = PBXVariantGroup;
			children = (
				F92515D81B16BD9400A44C9A /* Base */,
			);
			name = LaunchScreen.xib;
			sourceTree = "<group>";
		};
/* End PBXVariantGroup section */

/* Begin XCBuildConfiguration section */
		F92515E61B16BD9400A44C9A /* Debug */ = {
			isa = XCBuildConfiguration;
			buildSettings = {
				ALWAYS_SEARCH_USER_PATHS = NO;
				CLANG_CXX_LANGUAGE_STANDARD = "gnu++0x";
				CLANG_CXX_LIBRARY = "libc++";
				CLANG_ENABLE_MODULES = YES;
				CLANG_ENABLE_OBJC_ARC = YES;
				CLANG_WARN_BOOL_CONVERSION = YES;
				CLANG_WARN_CONSTANT_CONVERSION = YES;
				CLANG_WARN_DIRECT_OBJC_ISA_USAGE = YES_ERROR;
				CLANG_WARN_EMPTY_BODY = YES;
				CLANG_WARN_ENUM_CONVERSION = YES;
				CLANG_WARN_INT_CONVERSION = YES;
				CLANG_WARN_OBJC_ROOT_CLASS = YES_ERROR;
				CLANG_WARN_UNREACHABLE_CODE = YES;
				CLANG_WARN__DUPLICATE_METHOD_MATCH = YES;
				"CODE_SIGN_IDENTITY[sdk=iphoneos*]" = "iPhone Developer";
				COPY_PHASE_STRIP = NO;
				DEBUG_INFORMATION_FORMAT = "dwarf-with-dsym";
				ENABLE_STRICT_OBJC_MSGSEND = YES;
				GCC_C_LANGUAGE_STANDARD = gnu99;
				GCC_DYNAMIC_NO_PIC = NO;
				GCC_NO_COMMON_BLOCKS = YES;
				GCC_OPTIMIZATION_LEVEL = 0;
				GCC_PREPROCESSOR_DEFINITIONS = (
					"DEBUG=1",
					"$(inherited)",
				);
				GCC_SYMBOLS_PRIVATE_EXTERN = NO;
				GCC_WARN_64_TO_32_BIT_CONVERSION = YES;
				GCC_WARN_ABOUT_RETURN_TYPE = YES_ERROR;
				GCC_WARN_UNDECLARED_SELECTOR = YES;
				GCC_WARN_UNINITIALIZED_AUTOS = YES_AGGRESSIVE;
				GCC_WARN_UNUSED_FUNCTION = YES;
				GCC_WARN_UNUSED_VARIABLE = YES;
				IPHONEOS_DEPLOYMENT_TARGET = 8.3;
				MTL_ENABLE_DEBUG_INFO = YES;
				ONLY_ACTIVE_ARCH = YES;
				SDKROOT = iphoneos;
			};
			name = Debug;
		};
		F92515E71B16BD9400A44C9A /* Release */ = {
			isa = XCBuildConfiguration;
			buildSettings = {
				ALWAYS_SEARCH_USER_PATHS = NO;
				CLANG_CXX_LANGUAGE_STANDARD = "gnu++0x";
				CLANG_CXX_LIBRARY = "libc++";
				CLANG_ENABLE_MODULES = YES;
				CLANG_ENABLE_OBJC_ARC = YES;
				CLANG_WARN_BOOL_CONVERSION = YES;
				CLANG_WARN_CONSTANT_CONVERSION = YES;
				CLANG_WARN_DIRECT_OBJC_ISA_USAGE = YES_ERROR;
				CLANG_WARN_EMPTY_BODY = YES;
				CLANG_WARN_ENUM_CONVERSION = YES;
				CLANG_WARN_INT_CONVERSION = YES;
				CLANG_WARN_OBJC_ROOT_CLASS = YES_ERROR;
				CLANG_WARN_UNREACHABLE_CODE = YES;
				CLANG_WARN__DUPLICATE_METHOD_MATCH = YES;
				"CODE_SIGN_IDENTITY[sdk=iphoneos*]" = "iPhone Developer";
				COPY_PHASE_STRIP = NO;
				DEBUG_INFORMATION_FORMAT = "dwarf-with-dsym";
				ENABLE_NS_ASSERTIONS = NO;
				ENABLE_STRICT_OBJC_MSGSEND = YES;
				GCC_C_LANGUAGE_STANDARD = gnu99;
				GCC_NO_COMMON_BLOCKS = YES;
				GCC_WARN_64_TO_32_BIT_CONVERSION = YES;
				GCC_WARN_ABOUT_RETURN_TYPE = YES_ERROR;
				GCC_WARN_UNDECLARED_SELECTOR = YES;
				GCC_WARN_UNINITIALIZED_AUTOS = YES_AGGRESSIVE;
				GCC_WARN_UNUSED_FUNCTION = YES;
				GCC_WARN_UNUSED_VARIABLE = YES;
				IPHONEOS_DEPLOYMENT_TARGET = 8.3;
				MTL_ENABLE_DEBUG_INFO = NO;
				SDKROOT = iphoneos;
				VALIDATE_PRODUCT = YES;
			};
			name = Release;
		};
		F92515E91B16BD9400A44C9A /* Debug */ = {
			isa = XCBuildConfiguration;
			buildSettings = {
				ASSETCATALOG_COMPILER_APPICON_NAME = AppIcon;
				INFOPLIST_FILE = "无缝循环/Info.plist";
				IPHONEOS_DEPLOYMENT_TARGET = 7.1;
				LD_RUNPATH_SEARCH_PATHS = "$(inherited) @executable_path/Frameworks";
				PRODUCT_NAME = "$(TARGET_NAME)";
			};
			name = Debug;
		};
		F92515EA1B16BD9400A44C9A /* Release */ = {
			isa = XCBuildConfiguration;
			buildSettings = {
				ASSETCATALOG_COMPILER_APPICON_NAME = AppIcon;
				INFOPLIST_FILE = "无缝循环/Info.plist";
				IPHONEOS_DEPLOYMENT_TARGET = 7.1;
				LD_RUNPATH_SEARCH_PATHS = "$(inherited) @executable_path/Frameworks";
				PRODUCT_NAME = "$(TARGET_NAME)";
			};
			name = Release;
		};
		F92515EC1B16BD9400A44C9A /* Debug */ = {
			isa = XCBuildConfiguration;
			buildSettings = {
				BUNDLE_LOADER = "$(TEST_HOST)";
				FRAMEWORK_SEARCH_PATHS = (
					"$(SDKROOT)/Developer/Library/Frameworks",
					"$(inherited)",
				);
				GCC_PREPROCESSOR_DEFINITIONS = (
					"DEBUG=1",
					"$(inherited)",
				);
				INFOPLIST_FILE = "无缝循环Tests/Info.plist";
				LD_RUNPATH_SEARCH_PATHS = "$(inherited) @executable_path/Frameworks @loader_path/Frameworks";
				PRODUCT_NAME = "$(TARGET_NAME)";
				TEST_HOST = "$(BUILT_PRODUCTS_DIR)/无缝循环.app/无缝循环";
			};
			name = Debug;
		};
		F92515ED1B16BD9400A44C9A /* Release */ = {
			isa = XCBuildConfiguration;
			buildSettings = {
				BUNDLE_LOADER = "$(TEST_HOST)";
				FRAMEWORK_SEARCH_PATHS = (
					"$(SDKROOT)/Developer/Library/Frameworks",
					"$(inherited)",
				);
				INFOPLIST_FILE = "无缝循环Tests/Info.plist";
				LD_RUNPATH_SEARCH_PATHS = "$(inherited) @executable_path/Frameworks @loader_path/Frameworks";
				PRODUCT_NAME = "$(TARGET_NAME)";
				TEST_HOST = "$(BUILT_PRODUCTS_DIR)/无缝循环.app/无缝循环";
			};
			name = Release;
		};
/* End XCBuildConfiguration section */

/* Begin XCConfigurationList section */
		F92515C01B16BD9400A44C9A /* Build configuration list for PBXProject "无缝循环" */ = {
			isa = XCConfigurationList;
			buildConfigurations = (
				F92515E61B16BD9400A44C9A /* Debug */,
				F92515E71B16BD9400A44C9A /* Release */,
			);
			defaultConfigurationIsVisible = 0;
			defaultConfigurationName = Release;
		};
		F92515E81B16BD9400A44C9A /* Build configuration list for PBXNativeTarget "无缝循环" */ = {
			isa = XCConfigurationList;
			buildConfigurations = (
				F92515E91B16BD9400A44C9A /* Debug */,
				F92515EA1B16BD9400A44C9A /* Release */,
			);
			defaultConfigurationIsVisible = 0;
			defaultConfigurationName = Release;
		};
		F92515EB1B16BD9400A44C9A /* Build configuration list for PBXNativeTarget "无缝循环Tests" */ = {
			isa = XCConfigurationList;
			buildConfigurations = (
				F92515EC1B16BD9400A44C9A /* Debug */,
				F92515ED1B16BD9400A44C9A /* Release */,
			);
			defaultConfigurationIsVisible = 0;
			defaultConfigurationName = Release;
		};
/* End XCConfigurationList section */
	};
	rootObject = F92515BD1B16BD9400A44C9A /* Project object */;
}
